{
  "name": "@xtia/pipe2d-image",
  "version": "1.3.0",
  "lockfileVersion": 3,
  "requires": true,
  "packages": {
    "": {
      "name": "@xtia/pipe2d-image",
      "version": "1.3.0",
      "license": "MIT",
      "dependencies": {
        "@xtia/pipe2d": "^2.3.1",
        "@xtia/rgba": "^1.5.4"
      },
      "devDependencies": {
        "typescript": "^5.8.3"
      }
    },
    "node_modules/@xtia/live-array": {
      "version": "1.0.3",
      "resolved": "https://registry.npmjs.org/@xtia/live-array/-/live-array-1.0.3.tgz",
      "integrity": "sha512-YUz+59l7vSaRXjNA7caawLa5kYgpzgefHDaY97keFIsTKqFq0fj4MjR2eAl9pxPH2SbBCR1Q3uQMol18CJ9TmA==",
      "license": "MIT"
    },
    "node_modules/@xtia/pipe2d": {
      "version": "2.3.1",
      "resolved": "https://registry.npmjs.org/@xtia/pipe2d/-/pipe2d-2.3.1.tgz",
      "integrity": "sha512-oXOGXK9hwH6aQqVQBgZS/9qcewih1OqoMbHGX26w4fl+RFTK4kj7c60x5tVdUTwoAgSBKzi50J0UpQHxjvnJsw==",
      "dependencies": {
        "@xtia/live-array": "^1.0.3"
      }
    },
    "node_modules/@xtia/rgba": {
      "version": "1.5.4",
      "resolved": "https://registry.npmjs.org/@xtia/rgba/-/rgba-1.5.4.tgz",
      "integrity": "sha512-3bgAz7HxghvAU8iUZi5ARlaqFN4Rp8I7oXH8As+NwiCf2ebYwvpzpNLVGpa4y1ZO7SYkhllSa/KXzOD6USsb7w==",
      "license": "MIT"
    },
    "node_modules/typescript": {
      "version": "5.9.3",
      "resolved": "https://registry.npmjs.org/typescript/-/typescript-5.9.3.tgz",
      "integrity": "sha512-jl1vZzPDinLr9eUt3J/t7V6FgNEw9QjvBPdysz9KfQDD41fQrC2Y4vKQdiaUpFT4bXlb1RHhLpp8wtm6M5TgSw==",
      "dev": true,
      "license": "Apache-2.0",
      "bin": {
        "tsc": "bin/tsc",
        "tsserver": "bin/tsserver"
      },
      "engines": {
        "node": ">=14.17"
      }
    }
  }
}
