{
  "name": "pipe2d-image",
  "version": "1.0.0",
  "lockfileVersion": 3,
  "requires": true,
  "packages": {
    "": {
      "name": "pipe2d-image",
      "version": "1.0.0",
      "license": "MIT",
      "dependencies": {
        "@xtia/pipe2d": "^2.0.0",
        "@xtia/rgba": "^1.0.0"
      },
      "devDependencies": {
        "typescript": "^5.8.2"
      }
    },
    "node_modules/@xtia/live-array": {
      "version": "1.0.2",
      "resolved": "https://registry.npmjs.org/@xtia/live-array/-/live-array-1.0.2.tgz",
      "integrity": "sha512-mcgtgLZbMpbafiRFT72bPGjeNrJY72zKJ9G/POTvq0kqhO99pn/xPBR4nv3uBO1ICuxPORbLEpNoYEg5H/5DjQ=="
    },
    "node_modules/@xtia/pipe2d": {
      "version": "2.0.0",
      "resolved": "https://registry.npmjs.org/@xtia/pipe2d/-/pipe2d-2.0.0.tgz",
      "integrity": "sha512-XEJVm65FAL1QjBKh5M7beDtWoAJZ/ECt0knxdFzxIQxtt3o2kx8hCLx1314VjVfadpWOykBk3DNy7JD1JDA7ig==",
      "dependencies": {
        "@xtia/live-array": "^1.0.2"
      }
    },
    "node_modules/@xtia/rgba": {
      "version": "1.0.0",
      "resolved": "https://registry.npmjs.org/@xtia/rgba/-/rgba-1.0.0.tgz",
      "integrity": "sha512-Rg5whu7rtXFO51qVDmplIeqVpxyGvqE9d4QngZUUdDvYd9my6p0s/2DAjMSNKlhEMA1EbGEhLkCBDdGywFCpew=="
    },
    "node_modules/typescript": {
      "version": "5.8.2",
      "resolved": "https://registry.npmjs.org/typescript/-/typescript-5.8.2.tgz",
      "integrity": "sha512-aJn6wq13/afZp/jT9QZmwEjDqqvSGp1VT5GVg+f/t6/oVyrgXM6BY1h9BRh/O5p3PlUPAe+WuiEZOmb/49RqoQ==",
      "dev": true,
      "bin": {
        "tsc": "bin/tsc",
        "tsserver": "bin/tsserver"
      },
      "engines": {
        "node": ">=14.17"
      }
    }
  }
}
